
Microsoft Visual Studio Solution File, Format Version 12.00
# Visual Studio Version 17
VisualStudioVersion = 17.12.35707.178
MinimumVisualStudioVersion = 10.0.40219.1
Project("{8BC9CEB8-8B4A-11D0-8D11-00A0C91BC942}") = "Functions", "Functions\Functions.vcxproj", "{ABB5D2D6-9ACB-4A5A-AAEA-DEC21247075B}"
EndProject
Project("{8BC9CEB8-8B4A-11D0-8D11-00A0C91BC942}") = "Arrays", "Arrays\Arrays.vcxproj", "{E61E3EA6-9B6A-4109-A321-4F15DDB98D2B}"
EndProject
Global
	GlobalSection(SolutionConfigurationPlatforms) = preSolution
		Debug|x64 = Debug|x64
		Debug|x86 = Debug|x86
		Release|x64 = Release|x64
		Release|x86 = Release|x86
	EndGlobalSection
	GlobalSection(ProjectConfigurationPlatforms) = postSolution
		{ABB5D2D6-9ACB-4A5A-AAEA-DEC21247075B}.Debug|x64.ActiveCfg = Debug|x64
		{ABB5D2D6-9ACB-4A5A-AAEA-DEC21247075B}.Debug|x64.Build.0 = Debug|x64
		{ABB5D2D6-9ACB-4A5A-AAEA-DEC21247075B}.Debug|x86.ActiveCfg = Debug|Win32
		{ABB5D2D6-9ACB-4A5A-AAEA-DEC21247075B}.Debug|x86.Build.0 = Debug|Win32
		{ABB5D2D6-9ACB-4A5A-AAEA-DEC21247075B}.Release|x64.ActiveCfg = Release|x64
		{ABB5D2D6-9ACB-4A5A-AAEA-DEC21247075B}.Release|x64.Build.0 = Release|x64
		{ABB5D2D6-9ACB-4A5A-AAEA-DEC21247075B}.Release|x86.ActiveCfg = Release|Win32
		{ABB5D2D6-9ACB-4A5A-AAEA-DEC21247075B}.Release|x86.Build.0 = Release|Win32
		{E61E3EA6-9B6A-4109-A321-4F15DDB98D2B}.Debug|x64.ActiveCfg = Debug|x64
		{E61E3EA6-9B6A-4109-A321-4F15DDB98D2B}.Debug|x64.Build.0 = Debug|x64
		{E61E3EA6-9B6A-4109-A321-4F15DDB98D2B}.Debug|x86.ActiveCfg = Debug|Win32
		{E61E3EA6-9B6A-4109-A321-4F15DDB98D2B}.Debug|x86.Build.0 = Debug|Win32
		{E61E3EA6-9B6A-4109-A321-4F15DDB98D2B}.Release|x64.ActiveCfg = Release|x64
		{E61E3EA6-9B6A-4109-A321-4F15DDB98D2B}.Release|x64.Build.0 = Release|x64
		{E61E3EA6-9B6A-4109-A321-4F15DDB98D2B}.Release|x86.ActiveCfg = Release|Win32
		{E61E3EA6-9B6A-4109-A321-4F15DDB98D2B}.Release|x86.Build.0 = Release|Win32
	EndGlobalSection
	GlobalSection(SolutionProperties) = preSolution
		HideSolutionNode = FALSE
	EndGlobalSection
EndGlobal
